// !$*UTF8*$!
{
	archiveVersion = 1;
	classes = {
	};
	objectVersion = 46;
	objects = {

/* Begin PBXBuildFile section */
		12268E811E5483FB0011B37E /* AppDelegate.swift in Sources */ = {isa = PBXBuildFile; fileRef = 12268E801E5483FB0011B37E /* AppDelegate.swift */; };
		12268E831E5483FB0011B37E /* ViewController.swift in Sources */ = {isa = PBXBuildFile; fileRef = 12268E821E5483FB0011B37E /* ViewController.swift */; };
		12268E861E5483FB0011B37E /* Main.storyboard in Resources */ = {isa = PBXBuildFile; fileRef = 12268E841E5483FB0011B37E /* Main.storyboard */; };
		12268E881E5483FB0011B37E /* Assets.xcassets in Resources */ = {isa = PBXBuildFile; fileRef = 12268E871E5483FB0011B37E /* Assets.xcassets */; };
		12268E8B1E5483FB0011B37E /* LaunchScreen.storyboard in Resources */ = {isa = PBXBuildFile; fileRef = 12268E891E5483FB0011B37E /* LaunchScreen.storyboard */; };
		12A542CC1E558625001F93A0 /* Commom.swift in Sources */ = {isa = PBXBuildFile; fileRef = 12A542C51E558625001F93A0 /* Commom.swift */; };
		12A542CD1E558625001F93A0 /* EZDrawerManager.swift in Sources */ = {isa = PBXBuildFile; fileRef = 12A542C61E558625001F93A0 /* EZDrawerManager.swift */; };
		12A542CE1E558625001F93A0 /* EZRootViewController.swift in Sources */ = {isa = PBXBuildFile; fileRef = 12A542C71E558625001F93A0 /* EZRootViewController.swift */; };
		12A542CF1E558625001F93A0 /* EZLeftViewController.swift in Sources */ = {isa = PBXBuildFile; fileRef = 12A542C91E558625001F93A0 /* EZLeftViewController.swift */; };
		12A542D01E558625001F93A0 /* EZMainViewController.swift in Sources */ = {isa = PBXBuildFile; fileRef = 12A542CA1E558625001F93A0 /* EZMainViewController.swift */; };
		12A542D11E558625001F93A0 /* EZRightViewController.swift in Sources */ = {isa = PBXBuildFile; fileRef = 12A542CB1E558625001F93A0 /* EZRightViewController.swift */; };
/* End PBXBuildFile section */

/* Begin PBXFileReference section */
		12268E7D1E5483FB0011B37E /* EasyDrawer.app */ = {isa = PBXFileReference; explicitFileType = wrapper.application; includeInIndex = 0; path = EasyDrawer.app; sourceTree = BUILT_PRODUCTS_DIR; };
		12268E801E5483FB0011B37E /* AppDelegate.swift */ = {isa = PBXFileReference; lastKnownFileType = sourcecode.swift; name = AppDelegate.swift; path = ../AppDelegate.swift; sourceTree = "<group>"; };
		12268E821E5483FB0011B37E /* ViewController.swift */ = {isa = PBXFileReference; lastKnownFileType = sourcecode.swift; name = ViewController.swift; path = ../ViewController.swift; sourceTree = "<group>"; };
		12268E851E5483FB0011B37E /* Base */ = {isa = PBXFileReference; lastKnownFileType = file.storyboard; name = Base; path = Base.lproj/Main.storyboard; sourceTree = "<group>"; };
		12268E871E5483FB0011B37E /* Assets.xcassets */ = {isa = PBXFileReference; lastKnownFileType = folder.assetcatalog; path = Assets.xcassets; sourceTree = "<group>"; };
		12268E8A1E5483FB0011B37E /* Base */ = {isa = PBXFileReference; lastKnownFileType = file.storyboard; name = Base; path = Base.lproj/LaunchScreen.storyboard; sourceTree = "<group>"; };
		12268E8C1E5483FB0011B37E /* Info.plist */ = {isa = PBXFileReference; lastKnownFileType = text.plist.xml; path = Info.plist; sourceTree = "<group>"; };
		12A542C51E558625001F93A0 /* Commom.swift */ = {isa = PBXFileReference; fileEncoding = 4; lastKnownFileType = sourcecode.swift; path = Commom.swift; sourceTree = "<group>"; };
		12A542C61E558625001F93A0 /* EZDrawerManager.swift */ = {isa = PBXFileReference; fileEncoding = 4; lastKnownFileType = sourcecode.swift; path = EZDrawerManager.swift; sourceTree = "<group>"; };
		12A542C71E558625001F93A0 /* EZRootViewController.swift */ = {isa = PBXFileReference; fileEncoding = 4; lastKnownFileType = sourcecode.swift; path = EZRootViewController.swift; sourceTree = "<group>"; };
		12A542C91E558625001F93A0 /* EZLeftViewController.swift */ = {isa = PBXFileReference; fileEncoding = 4; lastKnownFileType = sourcecode.swift; path = EZLeftViewController.swift; sourceTree = "<group>"; };
		12A542CA1E558625001F93A0 /* EZMainViewController.swift */ = {isa = PBXFileReference; fileEncoding = 4; lastKnownFileType = sourcecode.swift; path = EZMainViewController.swift; sourceTree = "<group>"; };
		12A542CB1E558625001F93A0 /* EZRightViewController.swift */ = {isa = PBXFileReference; fileEncoding = 4; lastKnownFileType = sourcecode.swift; path = EZRightViewController.swift; sourceTree = "<group>"; };
/* End PBXFileReference section */

/* Begin PBXFrameworksBuildPhase section */
		12268E7A1E5483FB0011B37E /* Frameworks */ = {
			isa = PBXFrameworksBuildPhase;
			buildActionMask = 2147483647;
			files = (
			);
			runOnlyForDeploymentPostprocessing = 0;
		};
/* End PBXFrameworksBuildPhase section */

/* Begin PBXGroup section */
		12268E741E5483FA0011B37E = {
			isa = PBXGroup;
			children = (
				12268E7F1E5483FB0011B37E /* EasyDrawer */,
				12268E7E1E5483FB0011B37E /* Products */,
			);
			sourceTree = "<group>";
		};
		12268E7E1E5483FB0011B37E /* Products */ = {
			isa = PBXGroup;
			children = (
				12268E7D1E5483FB0011B37E /* EasyDrawer.app */,
			);
			name = Products;
			sourceTree = "<group>";
		};
		12268E7F1E5483FB0011B37E /* EasyDrawer */ = {
			isa = PBXGroup;
			children = (
				12A542C41E558625001F93A0 /* Classes */,
				12A542C81E558625001F93A0 /* Demo */,
				12268E841E5483FB0011B37E /* Main.storyboard */,
				12268E871E5483FB0011B37E /* Assets.xcassets */,
				12268E891E5483FB0011B37E /* LaunchScreen.storyboard */,
				12268E8C1E5483FB0011B37E /* Info.plist */,
			);
			path = EasyDrawer;
			sourceTree = "<group>";
		};
		12A542C41E558625001F93A0 /* Classes */ = {
			isa = PBXGroup;
			children = (
				12A542C51E558625001F93A0 /* Commom.swift */,
				12A542C61E558625001F93A0 /* EZDrawerManager.swift */,
				12A542C71E558625001F93A0 /* EZRootViewController.swift */,
			);
			path = Classes;
			sourceTree = "<group>";
		};
		12A542C81E558625001F93A0 /* Demo */ = {
			isa = PBXGroup;
			children = (
				12268E801E5483FB0011B37E /* AppDelegate.swift */,
				12268E821E5483FB0011B37E /* ViewController.swift */,
				12A542C91E558625001F93A0 /* EZLeftViewController.swift */,
				12A542CA1E558625001F93A0 /* EZMainViewController.swift */,
				12A542CB1E558625001F93A0 /* EZRightViewController.swift */,
			);
			path = Demo;
			sourceTree = "<group>";
		};
/* End PBXGroup section */

/* Begin PBXNativeTarget section */
		12268E7C1E5483FB0011B37E /* EasyDrawer */ = {
			isa = PBXNativeTarget;
			buildConfigurationList = 12268E8F1E5483FB0011B37E /* Build configuration list for PBXNativeTarget "EasyDrawer" */;
			buildPhases = (
				12268E791E5483FB0011B37E /* Sources */,
				12268E7A1E5483FB0011B37E /* Frameworks */,
				12268E7B1E5483FB0011B37E /* Resources */,
			);
			buildRules = (
			);
			dependencies = (
			);
			name = EasyDrawer;
			productName = EasyDrawer;
			productReference = 12268E7D1E5483FB0011B37E /* EasyDrawer.app */;
			productType = "com.apple.product-type.application";
		};
/* End PBXNativeTarget section */

/* Begin PBXProject section */
		12268E751E5483FA0011B37E /* Project object */ = {
			isa = PBXProject;
			attributes = {
				LastSwiftUpdateCheck = 0820;
				LastUpgradeCheck = 0820;
				ORGANIZATIONNAME = "王小帅";
				TargetAttributes = {
					12268E7C1E5483FB0011B37E = {
						CreatedOnToolsVersion = 8.2.1;
						DevelopmentTeam = A2NSY3EJL2;
						ProvisioningStyle = Automatic;
					};
				};
			};
			buildConfigurationList = 12268E781E5483FA0011B37E /* Build configuration list for PBXProject "EasyDrawer" */;
			compatibilityVersion = "Xcode 3.2";
			developmentRegion = English;
			hasScannedForEncodings = 0;
			knownRegions = (
				en,
				Base,
			);
			mainGroup = 12268E741E5483FA0011B37E;
			productRefGroup = 12268E7E1E5483FB0011B37E /* Products */;
			projectDirPath = "";
			projectRoot = "";
			targets = (
				12268E7C1E5483FB0011B37E /* EasyDrawer */,
			);
		};
/* End PBXProject section */

/* Begin PBXResourcesBuildPhase section */
		12268E7B1E5483FB0011B37E /* Resources */ = {
			isa = PBXResourcesBuildPhase;
			buildActionMask = 2147483647;
			files = (
				12268E8B1E5483FB0011B37E /* LaunchScreen.storyboard in Resources */,
				12268E881E5483FB0011B37E /* Assets.xcassets in Resources */,
				12268E861E5483FB0011B37E /* Main.storyboard in Resources */,
			);
			runOnlyForDeploymentPostprocessing = 0;
		};
/* End PBXResourcesBuildPhase section */

/* Begin PBXSourcesBuildPhase section */
		12268E791E5483FB0011B37E /* Sources */ = {
			isa = PBXSourcesBuildPhase;
			buildActionMask = 2147483647;
			files = (
				12A542CF1E558625001F93A0 /* EZLeftViewController.swift in Sources */,
				12268E831E5483FB0011B37E /* ViewController.swift in Sources */,
				12A542D11E558625001F93A0 /* EZRightViewController.swift in Sources */,
				12A542CC1E558625001F93A0 /* Commom.swift in Sources */,
				12268E811E5483FB0011B37E /* AppDelegate.swift in Sources */,
				12A542CE1E558625001F93A0 /* EZRootViewController.swift in Sources */,
				12A542D01E558625001F93A0 /* EZMainViewController.swift in Sources */,
				12A542CD1E558625001F93A0 /* EZDrawerManager.swift in Sources */,
			);
			runOnlyForDeploymentPostprocessing = 0;
		};
/* End PBXSourcesBuildPhase section */

/* Begin PBXVariantGroup section */
		12268E841E5483FB0011B37E /* Main.storyboard */ = {
			isa = PBXVariantGroup;
			children = (
				12268E851E5483FB0011B37E /* Base */,
			);
			name = Main.storyboard;
			sourceTree = "<group>";
		};
		12268E891E5483FB0011B37E /* LaunchScreen.storyboard */ = {
			isa = PBXVariantGroup;
			children = (
				12268E8A1E5483FB0011B37E /* Base */,
			);
			name = LaunchScreen.storyboard;
			sourceTree = "<group>";
		};
/* End PBXVariantGroup section */

/* Begin XCBuildConfiguration section */
		12268E8D1E5483FB0011B37E /* Debug */ = {
			isa = XCBuildConfiguration;
			buildSettings = {
				ALWAYS_SEARCH_USER_PATHS = NO;
				CLANG_ANALYZER_NONNULL = YES;
				CLANG_CXX_LANGUAGE_STANDARD = "gnu++0x";
				CLANG_CXX_LIBRARY = "libc++";
				CLANG_ENABLE_MODULES = YES;
				CLANG_ENABLE_OBJC_ARC = YES;
				CLANG_WARN_BOOL_CONVERSION = YES;
				CLANG_WARN_CONSTANT_CONVERSION = YES;
				CLANG_WARN_DIRECT_OBJC_ISA_USAGE = YES_ERROR;
				CLANG_WARN_DOCUMENTATION_COMMENTS = YES;
				CLANG_WARN_EMPTY_BODY = YES;
				CLANG_WARN_ENUM_CONVERSION = YES;
				CLANG_WARN_INFINITE_RECURSION = YES;
				CLANG_WARN_INT_CONVERSION = YES;
				CLANG_WARN_OBJC_ROOT_CLASS = YES_ERROR;
				CLANG_WARN_SUSPICIOUS_MOVE = YES;
				CLANG_WARN_UNREACHABLE_CODE = YES;
				CLANG_WARN__DUPLICATE_METHOD_MATCH = YES;
				"CODE_SIGN_IDENTITY[sdk=iphoneos*]" = "iPhone Developer";
				COPY_PHASE_STRIP = NO;
				DEBUG_INFORMATION_FORMAT = dwarf;
				ENABLE_STRICT_OBJC_MSGSEND = YES;
				ENABLE_TESTABILITY = YES;
				GCC_C_LANGUAGE_STANDARD = gnu99;
				GCC_DYNAMIC_NO_PIC = NO;
				GCC_NO_COMMON_BLOCKS = YES;
				GCC_OPTIMIZATION_LEVEL = 0;
				GCC_PREPROCESSOR_DEFINITIONS = (
					"DEBUG=1",
					"$(inherited)",
				);
				GCC_WARN_64_TO_32_BIT_CONVERSION = YES;
				GCC_WARN_ABOUT_RETURN_TYPE = YES_ERROR;
				GCC_WARN_UNDECLARED_SELECTOR = YES;
				GCC_WARN_UNINITIALIZED_AUTOS = YES_AGGRESSIVE;
				GCC_WARN_UNUSED_FUNCTION = YES;
				GCC_WARN_UNUSED_VARIABLE = YES;
				IPHONEOS_DEPLOYMENT_TARGET = 10.2;
				MTL_ENABLE_DEBUG_INFO = YES;
				ONLY_ACTIVE_ARCH = YES;
				SDKROOT = iphoneos;
				SWIFT_ACTIVE_COMPILATION_CONDITIONS = DEBUG;
				SWIFT_OPTIMIZATION_LEVEL = "-Onone";
			};
			name = Debug;
		};
		12268E8E1E5483FB0011B37E /* Release */ = {
			isa = XCBuildConfiguration;
			buildSettings = {
				ALWAYS_SEARCH_USER_PATHS = NO;
				CLANG_ANALYZER_NONNULL = YES;
				CLANG_CXX_LANGUAGE_STANDARD = "gnu++0x";
				CLANG_CXX_LIBRARY = "libc++";
				CLANG_ENABLE_MODULES = YES;
				CLANG_ENABLE_OBJC_ARC = YES;
				CLANG_WARN_BOOL_CONVERSION = YES;
				CLANG_WARN_CONSTANT_CONVERSION = YES;
				CLANG_WARN_DIRECT_OBJC_ISA_USAGE = YES_ERROR;
				CLANG_WARN_DOCUMENTATION_COMMENTS = YES;
				CLANG_WARN_EMPTY_BODY = YES;
				CLANG_WARN_ENUM_CONVERSION = YES;
				CLANG_WARN_INFINITE_RECURSION = YES;
				CLANG_WARN_INT_CONVERSION = YES;
				CLANG_WARN_OBJC_ROOT_CLASS = YES_ERROR;
				CLANG_WARN_SUSPICIOUS_MOVE = YES;
				CLANG_WARN_UNREACHABLE_CODE = YES;
				CLANG_WARN__DUPLICATE_METHOD_MATCH = YES;
				"CODE_SIGN_IDENTITY[sdk=iphoneos*]" = "iPhone Developer";
				COPY_PHASE_STRIP = NO;
				DEBUG_INFORMATION_FORMAT = "dwarf-with-dsym";
				ENABLE_NS_ASSERTIONS = NO;
				ENABLE_STRICT_OBJC_MSGSEND = YES;
				GCC_C_LANGUAGE_STANDARD = gnu99;
				GCC_NO_COMMON_BLOCKS = YES;
				GCC_WARN_64_TO_32_BIT_CONVERSION = YES;
				GCC_WARN_ABOUT_RETURN_TYPE = YES_ERROR;
				GCC_WARN_UNDECLARED_SELECTOR = YES;
				GCC_WARN_UNINITIALIZED_AUTOS = YES_AGGRESSIVE;
				GCC_WARN_UNUSED_FUNCTION = YES;
				GCC_WARN_UNUSED_VARIABLE = YES;
				IPHONEOS_DEPLOYMENT_TARGET = 10.2;
				MTL_ENABLE_DEBUG_INFO = NO;
				SDKROOT = iphoneos;
				SWIFT_OPTIMIZATION_LEVEL = "-Owholemodule";
				VALIDATE_PRODUCT = YES;
			};
			name = Release;
		};
		12268E901E5483FB0011B37E /* Debug */ = {
			isa = XCBuildConfiguration;
			buildSettings = {
				ASSETCATALOG_COMPILER_APPICON_NAME = AppIcon;
				DEVELOPMENT_TEAM = A2NSY3EJL2;
				INFOPLIST_FILE = EasyDrawer/Info.plist;
				LD_RUNPATH_SEARCH_PATHS = "$(inherited) @executable_path/Frameworks";
				PRODUCT_BUNDLE_IDENTIFIER = com.xiaoshuai.EasyDrawer;
				PRODUCT_NAME = "$(TARGET_NAME)";
				SWIFT_VERSION = 3.0;
			};
			name = Debug;
		};
		12268E911E5483FB0011B37E /* Release */ = {
			isa = XCBuildConfiguration;
			buildSettings = {
				ASSETCATALOG_COMPILER_APPICON_NAME = AppIcon;
				DEVELOPMENT_TEAM = A2NSY3EJL2;
				INFOPLIST_FILE = EasyDrawer/Info.plist;
				LD_RUNPATH_SEARCH_PATHS = "$(inherited) @executable_path/Frameworks";
				PRODUCT_BUNDLE_IDENTIFIER = com.xiaoshuai.EasyDrawer;
				PRODUCT_NAME = "$(TARGET_NAME)";
				SWIFT_VERSION = 3.0;
			};
			name = Release;
		};
/* End XCBuildConfiguration section */

/* Begin XCConfigurationList section */
		12268E781E5483FA0011B37E /* Build configuration list for PBXProject "EasyDrawer" */ = {
			isa = XCConfigurationList;
			buildConfigurations = (
				12268E8D1E5483FB0011B37E /* Debug */,
				12268E8E1E5483FB0011B37E /* Release */,
			);
			defaultConfigurationIsVisible = 0;
			defaultConfigurationName = Release;
		};
		12268E8F1E5483FB0011B37E /* Build configuration list for PBXNativeTarget "EasyDrawer" */ = {
			isa = XCConfigurationList;
			buildConfigurations = (
				12268E901E5483FB0011B37E /* Debug */,
				12268E911E5483FB0011B37E /* Release */,
			);
			defaultConfigurationIsVisible = 0;
			defaultConfigurationName = Release;
		};
/* End XCConfigurationList section */
	};
	rootObject = 12268E751E5483FA0011B37E /* Project object */;
}
